
Microsoft Visual Studio Solution File, Format Version 12.00
# Visual Studio Version 16
VisualStudioVersion = 16.0.29324.140
MinimumVisualStudioVersion = 10.0.40219.1
Project("{FAE04EC0-301F-11D3-BF4B-00C04F79EFBC}") = "Exceptions", "Exceptions\Exceptions.csproj", "{BF61ECB8-E855-4EB9-88A2-9DC9B05982CC}"
EndProject
Project("{FAE04EC0-301F-11D3-BF4B-00C04F79EFBC}") = "Day3App", "Day3App\Day3App.csproj", "{C156C18E-8FE7-4D23-9D65-59F79D6A96A4}"
EndProject
Project("{FAE04EC0-301F-11D3-BF4B-00C04F79EFBC}") = "DAY4_Abstraction", "DAY4_Abstraction\DAY4_Abstraction.csproj", "{9E614242-812C-40E5-AF88-8D824967279E}"
EndProject
Project("{FAE04EC0-301F-11D3-BF4B-00C04F79EFBC}") = "ConsoleHelpers", "ConsoleHelpers\ConsoleHelpers.csproj", "{F2007374-AAF3-42D7-BE67-A50B05C6C811}"
EndProject
Project("{FAE04EC0-301F-11D3-BF4B-00C04F79EFBC}") = "BlackJack", "BlackJack\BlackJack.csproj", "{C473B192-A9F4-4FED-B157-3260F48124CC}"
EndProject
Project("{2150E333-8FDC-42A3-9474-1A3956D46DE8}") = "WebSamples", "WebSamples", "{E8AC8EDA-F4F8-45D5-BCA7-028D064221C5}"
	ProjectSection(SolutionItems) = preProject
		IndexHTML.html = IndexHTML.html
		Javascriptsample.html = Javascriptsample.html
		Script.js = Script.js
		Shop.html = Shop.html
		StyleCss.css = StyleCss.css
	EndProjectSection
EndProject
Project("{FAE04EC0-301F-11D3-BF4B-00C04F79EFBC}") = "LogicSample", "LogicSample\LogicSample.csproj", "{50B4957F-87DA-447F-B0BA-606406A15337}"
EndProject
Project("{FAE04EC0-301F-11D3-BF4B-00C04F79EFBC}") = "LogicSample.Tests", "LogicSample.Test\LogicSample.Tests.csproj", "{684B6A87-78A1-4FD3-A689-2A803548348C}"
EndProject
Project("{FAE04EC0-301F-11D3-BF4B-00C04F79EFBC}") = "WebShop.Logic", "WebShop.Logic\WebShop.Logic.csproj", "{0C526A1C-BD2C-49FD-A377-7134A60B6C12}"
EndProject
Project("{FAE04EC0-301F-11D3-BF4B-00C04F79EFBC}") = "WebShopLogicTests", "WebShopLogicTests\WebShopLogicTests.csproj", "{A1D3F348-1194-474D-B36A-5E585DD61498}"
EndProject
Project("{9A19103F-16F7-4668-BE54-9A1E7A4F7556}") = "WebSample", "WebSample\WebSample.csproj", "{948010C3-FE3E-4D03-BDC4-0A24281B0930}"
EndProject
Project("{9A19103F-16F7-4668-BE54-9A1E7A4F7556}") = "WebShop", "WebShop\WebShop.csproj", "{5A240B1B-3C34-4183-B33F-88E422766ADE}"
EndProject
Project("{9A19103F-16F7-4668-BE54-9A1E7A4F7556}") = "TRIAL web html", "TRIAL web html\TRIAL web html.csproj", "{67A70095-AFAC-4904-A96F-579E583E66D2}"
EndProject
Project("{9A19103F-16F7-4668-BE54-9A1E7A4F7556}") = "TRIALLogic", "TRIALLogic\TRIALLogic.csproj", "{7A322C78-C8E6-4187-AEE0-4391D697BC28}"
EndProject
Project("{9A19103F-16F7-4668-BE54-9A1E7A4F7556}") = "AdsPortal.Logic", "AdsPortal.Logic\AdsPortal.Logic.csproj", "{21178AEC-1BE2-4119-8CE2-6ACF2B105596}"
EndProject
Project("{FAE04EC0-301F-11D3-BF4B-00C04F79EFBC}") = "AdsPortalN", "AdsPortalN\AdsPortalN.csproj", "{7AE9A900-90F9-48C7-9780-8772C10FE6BC}"
EndProject
Project("{9A19103F-16F7-4668-BE54-9A1E7A4F7556}") = "AdsPortal", "AdsPortal\AdsPortal.csproj", "{003FF7C3-0226-485E-B3E3-58898AB913FF}"
EndProject
Project("{9A19103F-16F7-4668-BE54-9A1E7A4F7556}") = "NewsPortalLogic", "NewsPortalLogic\NewsPortalLogic.csproj", "{3724ADE6-197D-4D24-8FC5-413A599222D1}"
EndProject
Project("{9A19103F-16F7-4668-BE54-9A1E7A4F7556}") = "NewsPortal", "NewsPortal\NewsPortal.csproj", "{60A3BAAE-A221-40F8-8B4B-4B179115FBF1}"
EndProject
Project("{2150E333-8FDC-42A3-9474-1A3956D46DE8}") = "Solution Items", "Solution Items", "{1361C879-D818-4C11-B442-F5A1CBD45A4D}"
	ProjectSection(SolutionItems) = preProject
		..\..\Documents\Visual Studio 2019\SQLQuery10.sql = ..\..\Documents\Visual Studio 2019\SQLQuery10.sql
	EndProjectSection
EndProject
Global
	GlobalSection(SolutionConfigurationPlatforms) = preSolution
		Debug|Any CPU = Debug|Any CPU
		Release|Any CPU = Release|Any CPU
	EndGlobalSection
	GlobalSection(ProjectConfigurationPlatforms) = postSolution
		{BF61ECB8-E855-4EB9-88A2-9DC9B05982CC}.Debug|Any CPU.ActiveCfg = Debug|Any CPU
		{BF61ECB8-E855-4EB9-88A2-9DC9B05982CC}.Debug|Any CPU.Build.0 = Debug|Any CPU
		{BF61ECB8-E855-4EB9-88A2-9DC9B05982CC}.Release|Any CPU.ActiveCfg = Release|Any CPU
		{BF61ECB8-E855-4EB9-88A2-9DC9B05982CC}.Release|Any CPU.Build.0 = Release|Any CPU
		{C156C18E-8FE7-4D23-9D65-59F79D6A96A4}.Debug|Any CPU.ActiveCfg = Debug|Any CPU
		{C156C18E-8FE7-4D23-9D65-59F79D6A96A4}.Debug|Any CPU.Build.0 = Debug|Any CPU
		{C156C18E-8FE7-4D23-9D65-59F79D6A96A4}.Release|Any CPU.ActiveCfg = Release|Any CPU
		{C156C18E-8FE7-4D23-9D65-59F79D6A96A4}.Release|Any CPU.Build.0 = Release|Any CPU
		{9E614242-812C-40E5-AF88-8D824967279E}.Debug|Any CPU.ActiveCfg = Debug|Any CPU
		{9E614242-812C-40E5-AF88-8D824967279E}.Debug|Any CPU.Build.0 = Debug|Any CPU
		{9E614242-812C-40E5-AF88-8D824967279E}.Release|Any CPU.ActiveCfg = Release|Any CPU
		{9E614242-812C-40E5-AF88-8D824967279E}.Release|Any CPU.Build.0 = Release|Any CPU
		{F2007374-AAF3-42D7-BE67-A50B05C6C811}.Debug|Any CPU.ActiveCfg = Debug|Any CPU
		{F2007374-AAF3-42D7-BE67-A50B05C6C811}.Debug|Any CPU.Build.0 = Debug|Any CPU
		{F2007374-AAF3-42D7-BE67-A50B05C6C811}.Release|Any CPU.ActiveCfg = Release|Any CPU
		{F2007374-AAF3-42D7-BE67-A50B05C6C811}.Release|Any CPU.Build.0 = Release|Any CPU
		{C473B192-A9F4-4FED-B157-3260F48124CC}.Debug|Any CPU.ActiveCfg = Debug|Any CPU
		{C473B192-A9F4-4FED-B157-3260F48124CC}.Debug|Any CPU.Build.0 = Debug|Any CPU
		{C473B192-A9F4-4FED-B157-3260F48124CC}.Release|Any CPU.ActiveCfg = Release|Any CPU
		{C473B192-A9F4-4FED-B157-3260F48124CC}.Release|Any CPU.Build.0 = Release|Any CPU
		{50B4957F-87DA-447F-B0BA-606406A15337}.Debug|Any CPU.ActiveCfg = Debug|Any CPU
		{50B4957F-87DA-447F-B0BA-606406A15337}.Debug|Any CPU.Build.0 = Debug|Any CPU
		{50B4957F-87DA-447F-B0BA-606406A15337}.Release|Any CPU.ActiveCfg = Release|Any CPU
		{50B4957F-87DA-447F-B0BA-606406A15337}.Release|Any CPU.Build.0 = Release|Any CPU
		{684B6A87-78A1-4FD3-A689-2A803548348C}.Debug|Any CPU.ActiveCfg = Debug|Any CPU
		{684B6A87-78A1-4FD3-A689-2A803548348C}.Debug|Any CPU.Build.0 = Debug|Any CPU
		{684B6A87-78A1-4FD3-A689-2A803548348C}.Release|Any CPU.ActiveCfg = Release|Any CPU
		{684B6A87-78A1-4FD3-A689-2A803548348C}.Release|Any CPU.Build.0 = Release|Any CPU
		{0C526A1C-BD2C-49FD-A377-7134A60B6C12}.Debug|Any CPU.ActiveCfg = Debug|Any CPU
		{0C526A1C-BD2C-49FD-A377-7134A60B6C12}.Debug|Any CPU.Build.0 = Debug|Any CPU
		{0C526A1C-BD2C-49FD-A377-7134A60B6C12}.Release|Any CPU.ActiveCfg = Release|Any CPU
		{0C526A1C-BD2C-49FD-A377-7134A60B6C12}.Release|Any CPU.Build.0 = Release|Any CPU
		{A1D3F348-1194-474D-B36A-5E585DD61498}.Debug|Any CPU.ActiveCfg = Debug|Any CPU
		{A1D3F348-1194-474D-B36A-5E585DD61498}.Debug|Any CPU.Build.0 = Debug|Any CPU
		{A1D3F348-1194-474D-B36A-5E585DD61498}.Release|Any CPU.ActiveCfg = Release|Any CPU
		{A1D3F348-1194-474D-B36A-5E585DD61498}.Release|Any CPU.Build.0 = Release|Any CPU
		{948010C3-FE3E-4D03-BDC4-0A24281B0930}.Debug|Any CPU.ActiveCfg = Debug|Any CPU
		{948010C3-FE3E-4D03-BDC4-0A24281B0930}.Debug|Any CPU.Build.0 = Debug|Any CPU
		{948010C3-FE3E-4D03-BDC4-0A24281B0930}.Release|Any CPU.ActiveCfg = Release|Any CPU
		{948010C3-FE3E-4D03-BDC4-0A24281B0930}.Release|Any CPU.Build.0 = Release|Any CPU
		{5A240B1B-3C34-4183-B33F-88E422766ADE}.Debug|Any CPU.ActiveCfg = Debug|Any CPU
		{5A240B1B-3C34-4183-B33F-88E422766ADE}.Debug|Any CPU.Build.0 = Debug|Any CPU
		{5A240B1B-3C34-4183-B33F-88E422766ADE}.Release|Any CPU.ActiveCfg = Release|Any CPU
		{5A240B1B-3C34-4183-B33F-88E422766ADE}.Release|Any CPU.Build.0 = Release|Any CPU
		{67A70095-AFAC-4904-A96F-579E583E66D2}.Debug|Any CPU.ActiveCfg = Debug|Any CPU
		{67A70095-AFAC-4904-A96F-579E583E66D2}.Debug|Any CPU.Build.0 = Debug|Any CPU
		{67A70095-AFAC-4904-A96F-579E583E66D2}.Release|Any CPU.ActiveCfg = Release|Any CPU
		{67A70095-AFAC-4904-A96F-579E583E66D2}.Release|Any CPU.Build.0 = Release|Any CPU
		{7A322C78-C8E6-4187-AEE0-4391D697BC28}.Debug|Any CPU.ActiveCfg = Debug|Any CPU
		{7A322C78-C8E6-4187-AEE0-4391D697BC28}.Debug|Any CPU.Build.0 = Debug|Any CPU
		{7A322C78-C8E6-4187-AEE0-4391D697BC28}.Release|Any CPU.ActiveCfg = Release|Any CPU
		{7A322C78-C8E6-4187-AEE0-4391D697BC28}.Release|Any CPU.Build.0 = Release|Any CPU
		{21178AEC-1BE2-4119-8CE2-6ACF2B105596}.Debug|Any CPU.ActiveCfg = Debug|Any CPU
		{21178AEC-1BE2-4119-8CE2-6ACF2B105596}.Debug|Any CPU.Build.0 = Debug|Any CPU
		{21178AEC-1BE2-4119-8CE2-6ACF2B105596}.Release|Any CPU.ActiveCfg = Release|Any CPU
		{21178AEC-1BE2-4119-8CE2-6ACF2B105596}.Release|Any CPU.Build.0 = Release|Any CPU
		{7AE9A900-90F9-48C7-9780-8772C10FE6BC}.Debug|Any CPU.ActiveCfg = Debug|Any CPU
		{7AE9A900-90F9-48C7-9780-8772C10FE6BC}.Debug|Any CPU.Build.0 = Debug|Any CPU
		{7AE9A900-90F9-48C7-9780-8772C10FE6BC}.Release|Any CPU.ActiveCfg = Release|Any CPU
		{7AE9A900-90F9-48C7-9780-8772C10FE6BC}.Release|Any CPU.Build.0 = Release|Any CPU
		{003FF7C3-0226-485E-B3E3-58898AB913FF}.Debug|Any CPU.ActiveCfg = Debug|Any CPU
		{003FF7C3-0226-485E-B3E3-58898AB913FF}.Debug|Any CPU.Build.0 = Debug|Any CPU
		{003FF7C3-0226-485E-B3E3-58898AB913FF}.Release|Any CPU.ActiveCfg = Release|Any CPU
		{003FF7C3-0226-485E-B3E3-58898AB913FF}.Release|Any CPU.Build.0 = Release|Any CPU
		{3724ADE6-197D-4D24-8FC5-413A599222D1}.Debug|Any CPU.ActiveCfg = Debug|Any CPU
		{3724ADE6-197D-4D24-8FC5-413A599222D1}.Debug|Any CPU.Build.0 = Debug|Any CPU
		{3724ADE6-197D-4D24-8FC5-413A599222D1}.Release|Any CPU.ActiveCfg = Release|Any CPU
		{3724ADE6-197D-4D24-8FC5-413A599222D1}.Release|Any CPU.Build.0 = Release|Any CPU
		{60A3BAAE-A221-40F8-8B4B-4B179115FBF1}.Debug|Any CPU.ActiveCfg = Debug|Any CPU
		{60A3BAAE-A221-40F8-8B4B-4B179115FBF1}.Debug|Any CPU.Build.0 = Debug|Any CPU
		{60A3BAAE-A221-40F8-8B4B-4B179115FBF1}.Release|Any CPU.ActiveCfg = Release|Any CPU
		{60A3BAAE-A221-40F8-8B4B-4B179115FBF1}.Release|Any CPU.Build.0 = Release|Any CPU
	EndGlobalSection
	GlobalSection(SolutionProperties) = preSolution
		HideSolutionNode = FALSE
	EndGlobalSection
	GlobalSection(ExtensibilityGlobals) = postSolution
		SolutionGuid = {D4916583-A008-4BC8-B137-F5E8E13C6FF5}
	EndGlobalSection
EndGlobal
